
Microsoft Visual Studio Solution File, Format Version 12.00
# Visual Studio Version 17
VisualStudioVersion = 17.2.32630.192
MinimumVisualStudioVersion = 10.0.40219.1
Project("{9A19103F-16F7-4668-BE54-9A1E7A4F7556}") = "BVAService", "BVAService\BVAService.csproj", "{E41DA6D3-88DE-4393-861C-15601A42C69E}"
EndProject
Project("{9A19103F-16F7-4668-BE54-9A1E7A4F7556}") = "UniversalTestsHW", "..\UniversalTestsHW\UniversalTestsHW\UniversalTestsHW.csproj", "{9E10E085-D874-45F5-ABD6-A6421C43512C}"
EndProject
Global
	GlobalSection(SolutionConfigurationPlatforms) = preSolution
		Debug|Any CPU = Debug|Any CPU
		Release|Any CPU = Release|Any CPU
	EndGlobalSection
	GlobalSection(ProjectConfigurationPlatforms) = postSolution
		{E41DA6D3-88DE-4393-861C-15601A42C69E}.Debug|Any CPU.ActiveCfg = Debug|Any CPU
		{E41DA6D3-88DE-4393-861C-15601A42C69E}.Debug|Any CPU.Build.0 = Debug|Any CPU
		{E41DA6D3-88DE-4393-861C-15601A42C69E}.Release|Any CPU.ActiveCfg = Release|Any CPU
		{E41DA6D3-88DE-4393-861C-15601A42C69E}.Release|Any CPU.Build.0 = Release|Any CPU
		{9E10E085-D874-45F5-ABD6-A6421C43512C}.Debug|Any CPU.ActiveCfg = Debug|Any CPU
		{9E10E085-D874-45F5-ABD6-A6421C43512C}.Debug|Any CPU.Build.0 = Debug|Any CPU
		{9E10E085-D874-45F5-ABD6-A6421C43512C}.Release|Any CPU.ActiveCfg = Release|Any CPU
		{9E10E085-D874-45F5-ABD6-A6421C43512C}.Release|Any CPU.Build.0 = Release|Any CPU
	EndGlobalSection
	GlobalSection(SolutionProperties) = preSolution
		HideSolutionNode = FALSE
	EndGlobalSection
	GlobalSection(ExtensibilityGlobals) = postSolution
		SolutionGuid = {EC90D45B-94A5-484A-BBE7-A957CBC98699}
	EndGlobalSection
EndGlobal
